
Microsoft Visual Studio Solution File, Format Version 12.00
# Visual Studio Version 16
VisualStudioVersion = 16.0.29102.190
MinimumVisualStudioVersion = 10.0.40219.1
Project("{FAE04EC0-301F-11D3-BF4B-00C04F79EFBC}") = "CleanDesk", "CleanDesk\CleanDesk.csproj", "{373A3DBC-3DF2-4E38-9C6C-66254AF81592}"
EndProject
Global
	GlobalSection(SolutionConfigurationPlatforms) = preSolution
		Debug|Any CPU = Debug|Any CPU
		Release|Any CPU = Release|Any CPU
	EndGlobalSection
	GlobalSection(ProjectConfigurationPlatforms) = postSolution
		{373A3DBC-3DF2-4E38-9C6C-66254AF81592}.Debug|Any CPU.ActiveCfg = Debug|Any CPU
		{373A3DBC-3DF2-4E38-9C6C-66254AF81592}.Debug|Any CPU.Build.0 = Debug|Any CPU
		{373A3DBC-3DF2-4E38-9C6C-66254AF81592}.Release|Any CPU.ActiveCfg = Release|Any CPU
		{373A3DBC-3DF2-4E38-9C6C-66254AF81592}.Release|Any CPU.Build.0 = Release|Any CPU
	EndGlobalSection
	GlobalSection(SolutionProperties) = preSolution
		HideSolutionNode = FALSE
	EndGlobalSection
	GlobalSection(ExtensibilityGlobals) = postSolution
		SolutionGuid = {A4E4FD5C-B8BC-4D00-A1A0-E526E4967404}
	EndGlobalSection
EndGlobal
